
Microsoft Visual Studio Solution File, Format Version 12.00
# Visual Studio Version 16
VisualStudioVersion = 16.0.31613.86
MinimumVisualStudioVersion = 10.0.40219.1
Project("{9A19103F-16F7-4668-BE54-9A1E7A4F7556}") = "ParkAPI", "ParkApi\ParkAPI.csproj", "{17A0FD2D-1813-4277-B7A7-7DFAFF0FE4FC}"
EndProject
Project("{FAE04EC0-301F-11D3-BF4B-00C04F79EFBC}") = "ParkWeb", "ParkWeb\ParkWeb.csproj", "{9F38AF77-C1C9-4425-8AEB-661013667A53}"
EndProject
Global
	GlobalSection(SolutionConfigurationPlatforms) = preSolution
		Debug|Any CPU = Debug|Any CPU
		Release|Any CPU = Release|Any CPU
	EndGlobalSection
	GlobalSection(ProjectConfigurationPlatforms) = postSolution
		{17A0FD2D-1813-4277-B7A7-7DFAFF0FE4FC}.Debug|Any CPU.ActiveCfg = Debug|Any CPU
		{17A0FD2D-1813-4277-B7A7-7DFAFF0FE4FC}.Debug|Any CPU.Build.0 = Debug|Any CPU
		{17A0FD2D-1813-4277-B7A7-7DFAFF0FE4FC}.Release|Any CPU.ActiveCfg = Release|Any CPU
		{17A0FD2D-1813-4277-B7A7-7DFAFF0FE4FC}.Release|Any CPU.Build.0 = Release|Any CPU
		{9F38AF77-C1C9-4425-8AEB-661013667A53}.Debug|Any CPU.ActiveCfg = Debug|Any CPU
		{9F38AF77-C1C9-4425-8AEB-661013667A53}.Debug|Any CPU.Build.0 = Debug|Any CPU
		{9F38AF77-C1C9-4425-8AEB-661013667A53}.Release|Any CPU.ActiveCfg = Release|Any CPU
		{9F38AF77-C1C9-4425-8AEB-661013667A53}.Release|Any CPU.Build.0 = Release|Any CPU
	EndGlobalSection
	GlobalSection(SolutionProperties) = preSolution
		HideSolutionNode = FALSE
	EndGlobalSection
	GlobalSection(ExtensibilityGlobals) = postSolution
		SolutionGuid = {809E2702-EAC2-4137-A330-5D82719C9D94}
	EndGlobalSection
EndGlobal
